
Microsoft Visual Studio Solution File, Format Version 12.00
# Visual Studio 15
VisualStudioVersion = 15.0.27703.2035
MinimumVisualStudioVersion = 10.0.40219.1
Project("{9A19103F-16F7-4668-BE54-9A1E7A4F7556}") = "SGA.UI.Site", "SGA.UI.Site\SGA.UI.Site.csproj", "{B76C4410-5D11-4318-B127-AFE5AD2B57B8}"
EndProject
Project("{2150E333-8FDC-42A3-9474-1A3956D46DE8}") = "UI", "UI", "{4869D28E-21C8-4103-AED5-B34CC0F92CE2}"
EndProject
Project("{9A19103F-16F7-4668-BE54-9A1E7A4F7556}") = "SGA.Infra.CrossCutting.IoC", "SGA.Infra.CrossCutting.IoC\SGA.Infra.CrossCutting.IoC.csproj", "{4507A18A-B4AD-4BC8-8693-CC464452B78D}"
EndProject
Project("{2150E333-8FDC-42A3-9474-1A3956D46DE8}") = "Infra", "Infra", "{12094D98-42DB-4524-81CF-91B6069003C0}"
EndProject
Project("{9A19103F-16F7-4668-BE54-9A1E7A4F7556}") = "SGA.Infra.CrossCutting", "SGA.Infra.CrossCutting\SGA.Infra.CrossCutting.csproj", "{BA2BE2AC-D10B-4B6D-9B6C-5B8D29BD0AA6}"
EndProject
Project("{2150E333-8FDC-42A3-9474-1A3956D46DE8}") = "Application", "Application", "{A389E02F-7E5D-41EE-AB4A-F91BB890A7E5}"
EndProject
Project("{2150E333-8FDC-42A3-9474-1A3956D46DE8}") = "Domain", "Domain", "{997B1F0F-F988-4E2E-AF63-AD7E5F71B848}"
EndProject
Project("{9A19103F-16F7-4668-BE54-9A1E7A4F7556}") = "SGA.Application", "SGA.Application\SGA.Application.csproj", "{4912057B-EEB0-401F-893E-AB4BB6DC3F8C}"
EndProject
Project("{9A19103F-16F7-4668-BE54-9A1E7A4F7556}") = "SGA.Domain", "SGA.Domain\SGA.Domain.csproj", "{B1400DC2-5AF4-4BE0-84BF-F60A09A8E378}"
EndProject
Project("{9A19103F-16F7-4668-BE54-9A1E7A4F7556}") = "SGA.Infra.Repository", "SGA.Infra.Data\SGA.Infra.Repository.csproj", "{A9034335-C7D5-473D-B233-5E3233D8665A}"
EndProject
Project("{9A19103F-16F7-4668-BE54-9A1E7A4F7556}") = "SGA.Infra.CrossCutting.Identity", "SGA.Infra.CrossCutting.Identity\SGA.Infra.CrossCutting.Identity.csproj", "{6FA01497-582A-4EE1-9004-93B17065411D}"
EndProject
Project("{9A19103F-16F7-4668-BE54-9A1E7A4F7556}") = "SGA.Domain.Entities", "SGA.Domain.Entities\SGA.Domain.Entities.csproj", "{B416E353-4C2B-435A-A0D5-4ED0780E7374}"
EndProject
Project("{2150E333-8FDC-42A3-9474-1A3956D46DE8}") = "CrossCutting", "CrossCutting", "{6DAB5BFA-2410-42FE-AC53-09DF945AB0C0}"
EndProject
Project("{2150E333-8FDC-42A3-9474-1A3956D46DE8}") = "Data", "Data", "{9AAAE311-73CD-4E6C-A45E-D1C39D351F63}"
EndProject
Project("{FAE04EC0-301F-11D3-BF4B-00C04F79EFBC}") = "SGA.Infra.Dapper", "SGA.Infra.Dapper\SGA.Infra.Dapper.csproj", "{88B94A4A-9089-4C08-9C08-1D10C0FBC968}"
EndProject
Global
	GlobalSection(SolutionConfigurationPlatforms) = preSolution
		Debug|Any CPU = Debug|Any CPU
		Release|Any CPU = Release|Any CPU
	EndGlobalSection
	GlobalSection(ProjectConfigurationPlatforms) = postSolution
		{B76C4410-5D11-4318-B127-AFE5AD2B57B8}.Debug|Any CPU.ActiveCfg = Debug|Any CPU
		{B76C4410-5D11-4318-B127-AFE5AD2B57B8}.Debug|Any CPU.Build.0 = Debug|Any CPU
		{B76C4410-5D11-4318-B127-AFE5AD2B57B8}.Release|Any CPU.ActiveCfg = Release|Any CPU
		{B76C4410-5D11-4318-B127-AFE5AD2B57B8}.Release|Any CPU.Build.0 = Release|Any CPU
		{4507A18A-B4AD-4BC8-8693-CC464452B78D}.Debug|Any CPU.ActiveCfg = Debug|Any CPU
		{4507A18A-B4AD-4BC8-8693-CC464452B78D}.Debug|Any CPU.Build.0 = Debug|Any CPU
		{4507A18A-B4AD-4BC8-8693-CC464452B78D}.Release|Any CPU.ActiveCfg = Release|Any CPU
		{4507A18A-B4AD-4BC8-8693-CC464452B78D}.Release|Any CPU.Build.0 = Release|Any CPU
		{BA2BE2AC-D10B-4B6D-9B6C-5B8D29BD0AA6}.Debug|Any CPU.ActiveCfg = Debug|Any CPU
		{BA2BE2AC-D10B-4B6D-9B6C-5B8D29BD0AA6}.Debug|Any CPU.Build.0 = Debug|Any CPU
		{BA2BE2AC-D10B-4B6D-9B6C-5B8D29BD0AA6}.Release|Any CPU.ActiveCfg = Release|Any CPU
		{BA2BE2AC-D10B-4B6D-9B6C-5B8D29BD0AA6}.Release|Any CPU.Build.0 = Release|Any CPU
		{4912057B-EEB0-401F-893E-AB4BB6DC3F8C}.Debug|Any CPU.ActiveCfg = Debug|Any CPU
		{4912057B-EEB0-401F-893E-AB4BB6DC3F8C}.Debug|Any CPU.Build.0 = Debug|Any CPU
		{4912057B-EEB0-401F-893E-AB4BB6DC3F8C}.Release|Any CPU.ActiveCfg = Release|Any CPU
		{4912057B-EEB0-401F-893E-AB4BB6DC3F8C}.Release|Any CPU.Build.0 = Release|Any CPU
		{B1400DC2-5AF4-4BE0-84BF-F60A09A8E378}.Debug|Any CPU.ActiveCfg = Debug|Any CPU
		{B1400DC2-5AF4-4BE0-84BF-F60A09A8E378}.Debug|Any CPU.Build.0 = Debug|Any CPU
		{B1400DC2-5AF4-4BE0-84BF-F60A09A8E378}.Release|Any CPU.ActiveCfg = Release|Any CPU
		{B1400DC2-5AF4-4BE0-84BF-F60A09A8E378}.Release|Any CPU.Build.0 = Release|Any CPU
		{A9034335-C7D5-473D-B233-5E3233D8665A}.Debug|Any CPU.ActiveCfg = Debug|Any CPU
		{A9034335-C7D5-473D-B233-5E3233D8665A}.Debug|Any CPU.Build.0 = Debug|Any CPU
		{A9034335-C7D5-473D-B233-5E3233D8665A}.Release|Any CPU.ActiveCfg = Release|Any CPU
		{A9034335-C7D5-473D-B233-5E3233D8665A}.Release|Any CPU.Build.0 = Release|Any CPU
		{6FA01497-582A-4EE1-9004-93B17065411D}.Debug|Any CPU.ActiveCfg = Debug|Any CPU
		{6FA01497-582A-4EE1-9004-93B17065411D}.Debug|Any CPU.Build.0 = Debug|Any CPU
		{6FA01497-582A-4EE1-9004-93B17065411D}.Release|Any CPU.ActiveCfg = Release|Any CPU
		{6FA01497-582A-4EE1-9004-93B17065411D}.Release|Any CPU.Build.0 = Release|Any CPU
		{B416E353-4C2B-435A-A0D5-4ED0780E7374}.Debug|Any CPU.ActiveCfg = Debug|Any CPU
		{B416E353-4C2B-435A-A0D5-4ED0780E7374}.Debug|Any CPU.Build.0 = Debug|Any CPU
		{B416E353-4C2B-435A-A0D5-4ED0780E7374}.Release|Any CPU.ActiveCfg = Release|Any CPU
		{B416E353-4C2B-435A-A0D5-4ED0780E7374}.Release|Any CPU.Build.0 = Release|Any CPU
		{88B94A4A-9089-4C08-9C08-1D10C0FBC968}.Debug|Any CPU.ActiveCfg = Debug|Any CPU
		{88B94A4A-9089-4C08-9C08-1D10C0FBC968}.Debug|Any CPU.Build.0 = Debug|Any CPU
		{88B94A4A-9089-4C08-9C08-1D10C0FBC968}.Release|Any CPU.ActiveCfg = Release|Any CPU
		{88B94A4A-9089-4C08-9C08-1D10C0FBC968}.Release|Any CPU.Build.0 = Release|Any CPU
	EndGlobalSection
	GlobalSection(SolutionProperties) = preSolution
		HideSolutionNode = FALSE
	EndGlobalSection
	GlobalSection(NestedProjects) = preSolution
		{B76C4410-5D11-4318-B127-AFE5AD2B57B8} = {4869D28E-21C8-4103-AED5-B34CC0F92CE2}
		{4507A18A-B4AD-4BC8-8693-CC464452B78D} = {6DAB5BFA-2410-42FE-AC53-09DF945AB0C0}
		{BA2BE2AC-D10B-4B6D-9B6C-5B8D29BD0AA6} = {6DAB5BFA-2410-42FE-AC53-09DF945AB0C0}
		{4912057B-EEB0-401F-893E-AB4BB6DC3F8C} = {A389E02F-7E5D-41EE-AB4A-F91BB890A7E5}
		{B1400DC2-5AF4-4BE0-84BF-F60A09A8E378} = {997B1F0F-F988-4E2E-AF63-AD7E5F71B848}
		{A9034335-C7D5-473D-B233-5E3233D8665A} = {9AAAE311-73CD-4E6C-A45E-D1C39D351F63}
		{6FA01497-582A-4EE1-9004-93B17065411D} = {6DAB5BFA-2410-42FE-AC53-09DF945AB0C0}
		{B416E353-4C2B-435A-A0D5-4ED0780E7374} = {997B1F0F-F988-4E2E-AF63-AD7E5F71B848}
		{6DAB5BFA-2410-42FE-AC53-09DF945AB0C0} = {12094D98-42DB-4524-81CF-91B6069003C0}
		{9AAAE311-73CD-4E6C-A45E-D1C39D351F63} = {12094D98-42DB-4524-81CF-91B6069003C0}
		{88B94A4A-9089-4C08-9C08-1D10C0FBC968} = {9AAAE311-73CD-4E6C-A45E-D1C39D351F63}
	EndGlobalSection
	GlobalSection(ExtensibilityGlobals) = postSolution
		SolutionGuid = {B1314DB0-B881-42C9-BA43-D4CCBB75A62D}
	EndGlobalSection
EndGlobal
